// !$*UTF8*$!
{
	archiveVersion = 1;
	classes = {
	};
	objectVersion = 56;
	objects = {

/* Begin PBXBuildFile section */
		F407E4602971D41F00ADB084 /* AppDelegate.swift in Sources */ = {isa = PBXBuildFile; fileRef = F407E45F2971D41F00ADB084 /* AppDelegate.swift */; };
		F407E4622971D41F00ADB084 /* SceneDelegate.swift in Sources */ = {isa = PBXBuildFile; fileRef = F407E4612971D41F00ADB084 /* SceneDelegate.swift */; };
		F407E4642971D41F00ADB084 /* ViewController.swift in Sources */ = {isa = PBXBuildFile; fileRef = F407E4632971D41F00ADB084 /* ViewController.swift */; };
		F407E4672971D41F00ADB084 /* Main.storyboard in Resources */ = {isa = PBXBuildFile; fileRef = F407E4652971D41F00ADB084 /* Main.storyboard */; };
		F407E4692971D42100ADB084 /* Assets.xcassets in Resources */ = {isa = PBXBuildFile; fileRef = F407E4682971D42100ADB084 /* Assets.xcassets */; };
		F407E46C2971D42100ADB084 /* LaunchScreen.storyboard in Resources */ = {isa = PBXBuildFile; fileRef = F407E46A2971D42100ADB084 /* LaunchScreen.storyboard */; };
		F407E4772971D42100ADB084 /* TestChapter1Tests.swift in Sources */ = {isa = PBXBuildFile; fileRef = F407E4762971D42100ADB084 /* TestChapter1Tests.swift */; };
		F407E4812971D42100ADB084 /* TestChapter1UITests.swift in Sources */ = {isa = PBXBuildFile; fileRef = F407E4802971D42100ADB084 /* TestChapter1UITests.swift */; };
		F407E4832971D42100ADB084 /* TestChapter1UITestsLaunchTests.swift in Sources */ = {isa = PBXBuildFile; fileRef = F407E4822971D42100ADB084 /* TestChapter1UITestsLaunchTests.swift */; };
/* End PBXBuildFile section */

/* Begin PBXContainerItemProxy section */
		F407E4732971D42100ADB084 /* PBXContainerItemProxy */ = {
			isa = PBXContainerItemProxy;
			containerPortal = F407E4542971D41F00ADB084 /* Project object */;
			proxyType = 1;
			remoteGlobalIDString = F407E45B2971D41F00ADB084;
			remoteInfo = TestChapter1;
		};
		F407E47D2971D42100ADB084 /* PBXContainerItemProxy */ = {
			isa = PBXContainerItemProxy;
			containerPortal = F407E4542971D41F00ADB084 /* Project object */;
			proxyType = 1;
			remoteGlobalIDString = F407E45B2971D41F00ADB084;
			remoteInfo = TestChapter1;
		};
/* End PBXContainerItemProxy section */

/* Begin PBXFileReference section */
		F407E45C2971D41F00ADB084 /* TestChapter1.app */ = {isa = PBXFileReference; explicitFileType = wrapper.application; includeInIndex = 0; path = TestChapter1.app; sourceTree = BUILT_PRODUCTS_DIR; };
		F407E45F2971D41F00ADB084 /* AppDelegate.swift */ = {isa = PBXFileReference; lastKnownFileType = sourcecode.swift; path = AppDelegate.swift; sourceTree = "<group>"; };
		F407E4612971D41F00ADB084 /* SceneDelegate.swift */ = {isa = PBXFileReference; lastKnownFileType = sourcecode.swift; path = SceneDelegate.swift; sourceTree = "<group>"; };
		F407E4632971D41F00ADB084 /* ViewController.swift */ = {isa = PBXFileReference; lastKnownFileType = sourcecode.swift; path = ViewController.swift; sourceTree = "<group>"; };
		F407E4662971D41F00ADB084 /* Base */ = {isa = PBXFileReference; lastKnownFileType = file.storyboard; name = Base; path = Base.lproj/Main.storyboard; sourceTree = "<group>"; };
		F407E4682971D42100ADB084 /* Assets.xcassets */ = {isa = PBXFileReference; lastKnownFileType = folder.assetcatalog; path = Assets.xcassets; sourceTree = "<group>"; };
		F407E46B2971D42100ADB084 /* Base */ = {isa = PBXFileReference; lastKnownFileType = file.storyboard; name = Base; path = Base.lproj/LaunchScreen.storyboard; sourceTree = "<group>"; };
		F407E46D2971D42100ADB084 /* Info.plist */ = {isa = PBXFileReference; lastKnownFileType = text.plist.xml; path = Info.plist; sourceTree = "<group>"; };
		F407E4722971D42100ADB084 /* TestChapter1Tests.xctest */ = {isa = PBXFileReference; explicitFileType = wrapper.cfbundle; includeInIndex = 0; path = TestChapter1Tests.xctest; sourceTree = BUILT_PRODUCTS_DIR; };
		F407E4762971D42100ADB084 /* TestChapter1Tests.swift */ = {isa = PBXFileReference; lastKnownFileType = sourcecode.swift; path = TestChapter1Tests.swift; sourceTree = "<group>"; };
		F407E47C2971D42100ADB084 /* TestChapter1UITests.xctest */ = {isa = PBXFileReference; explicitFileType = wrapper.cfbundle; includeInIndex = 0; path = TestChapter1UITests.xctest; sourceTree = BUILT_PRODUCTS_DIR; };
		F407E4802971D42100ADB084 /* TestChapter1UITests.swift */ = {isa = PBXFileReference; lastKnownFileType = sourcecode.swift; path = TestChapter1UITests.swift; sourceTree = "<group>"; };
		F407E4822971D42100ADB084 /* TestChapter1UITestsLaunchTests.swift */ = {isa = PBXFileReference; lastKnownFileType = sourcecode.swift; path = TestChapter1UITestsLaunchTests.swift; sourceTree = "<group>"; };
/* End PBXFileReference section */

/* Begin PBXFrameworksBuildPhase section */
		F407E4592971D41F00ADB084 /* Frameworks */ = {
			isa = PBXFrameworksBuildPhase;
			buildActionMask = 2147483647;
			files = (
			);
			runOnlyForDeploymentPostprocessing = 0;
		};
		F407E46F2971D42100ADB084 /* Frameworks */ = {
			isa = PBXFrameworksBuildPhase;
			buildActionMask = 2147483647;
			files = (
			);
			runOnlyForDeploymentPostprocessing = 0;
		};
		F407E4792971D42100ADB084 /* Frameworks */ = {
			isa = PBXFrameworksBuildPhase;
			buildActionMask = 2147483647;
			files = (
			);
			runOnlyForDeploymentPostprocessing = 0;
		};
/* End PBXFrameworksBuildPhase section */

/* Begin PBXGroup section */
		F407E4532971D41F00ADB084 = {
			isa = PBXGroup;
			children = (
				F407E45E2971D41F00ADB084 /* TestChapter1 */,
				F407E4752971D42100ADB084 /* TestChapter1Tests */,
				F407E47F2971D42100ADB084 /* TestChapter1UITests */,
				F407E45D2971D41F00ADB084 /* Products */,
			);
			sourceTree = "<group>";
		};
		F407E45D2971D41F00ADB084 /* Products */ = {
			isa = PBXGroup;
			children = (
				F407E45C2971D41F00ADB084 /* TestChapter1.app */,
				F407E4722971D42100ADB084 /* TestChapter1Tests.xctest */,
				F407E47C2971D42100ADB084 /* TestChapter1UITests.xctest */,
			);
			name = Products;
			sourceTree = "<group>";
		};
		F407E45E2971D41F00ADB084 /* TestChapter1 */ = {
			isa = PBXGroup;
			children = (
				F407E45F2971D41F00ADB084 /* AppDelegate.swift */,
				F407E4612971D41F00ADB084 /* SceneDelegate.swift */,
				F407E4632971D41F00ADB084 /* ViewController.swift */,
				F407E4652971D41F00ADB084 /* Main.storyboard */,
				F407E4682971D42100ADB084 /* Assets.xcassets */,
				F407E46A2971D42100ADB084 /* LaunchScreen.storyboard */,
				F407E46D2971D42100ADB084 /* Info.plist */,
			);
			path = TestChapter1;
			sourceTree = "<group>";
		};
		F407E4752971D42100ADB084 /* TestChapter1Tests */ = {
			isa = PBXGroup;
			children = (
				F407E4762971D42100ADB084 /* TestChapter1Tests.swift */,
			);
			path = TestChapter1Tests;
			sourceTree = "<group>";
		};
		F407E47F2971D42100ADB084 /* TestChapter1UITests */ = {
			isa = PBXGroup;
			children = (
				F407E4802971D42100ADB084 /* TestChapter1UITests.swift */,
				F407E4822971D42100ADB084 /* TestChapter1UITestsLaunchTests.swift */,
			);
			path = TestChapter1UITests;
			sourceTree = "<group>";
		};
/* End PBXGroup section */

/* Begin PBXNativeTarget section */
		F407E45B2971D41F00ADB084 /* TestChapter1 */ = {
			isa = PBXNativeTarget;
			buildConfigurationList = F407E4862971D42100ADB084 /* Build configuration list for PBXNativeTarget "TestChapter1" */;
			buildPhases = (
				F407E4582971D41F00ADB084 /* Sources */,
				F407E4592971D41F00ADB084 /* Frameworks */,
				F407E45A2971D41F00ADB084 /* Resources */,
			);
			buildRules = (
			);
			dependencies = (
			);
			name = TestChapter1;
			productName = TestChapter1;
			productReference = F407E45C2971D41F00ADB084 /* TestChapter1.app */;
			productType = "com.apple.product-type.application";
		};
		F407E4712971D42100ADB084 /* TestChapter1Tests */ = {
			isa = PBXNativeTarget;
			buildConfigurationList = F407E4892971D42100ADB084 /* Build configuration list for PBXNativeTarget "TestChapter1Tests" */;
			buildPhases = (
				F407E46E2971D42100ADB084 /* Sources */,
				F407E46F2971D42100ADB084 /* Frameworks */,
				F407E4702971D42100ADB084 /* Resources */,
			);
			buildRules = (
			);
			dependencies = (
				F407E4742971D42100ADB084 /* PBXTargetDependency */,
			);
			name = TestChapter1Tests;
			productName = TestChapter1Tests;
			productReference = F407E4722971D42100ADB084 /* TestChapter1Tests.xctest */;
			productType = "com.apple.product-type.bundle.unit-test";
		};
		F407E47B2971D42100ADB084 /* TestChapter1UITests */ = {
			isa = PBXNativeTarget;
			buildConfigurationList = F407E48C2971D42100ADB084 /* Build configuration list for PBXNativeTarget "TestChapter1UITests" */;
			buildPhases = (
				F407E4782971D42100ADB084 /* Sources */,
				F407E4792971D42100ADB084 /* Frameworks */,
				F407E47A2971D42100ADB084 /* Resources */,
			);
			buildRules = (
			);
			dependencies = (
				F407E47E2971D42100ADB084 /* PBXTargetDependency */,
			);
			name = TestChapter1UITests;
			productName = TestChapter1UITests;
			productReference = F407E47C2971D42100ADB084 /* TestChapter1UITests.xctest */;
			productType = "com.apple.product-type.bundle.ui-testing";
		};
/* End PBXNativeTarget section */

/* Begin PBXProject section */
		F407E4542971D41F00ADB084 /* Project object */ = {
			isa = PBXProject;
			attributes = {
				BuildIndependentTargetsInParallel = 1;
				LastSwiftUpdateCheck = 1420;
				LastUpgradeCheck = 1420;
				TargetAttributes = {
					F407E45B2971D41F00ADB084 = {
						CreatedOnToolsVersion = 14.2;
					};
					F407E4712971D42100ADB084 = {
						CreatedOnToolsVersion = 14.2;
						TestTargetID = F407E45B2971D41F00ADB084;
					};
					F407E47B2971D42100ADB084 = {
						CreatedOnToolsVersion = 14.2;
						TestTargetID = F407E45B2971D41F00ADB084;
					};
				};
			};
			buildConfigurationList = F407E4572971D41F00ADB084 /* Build configuration list for PBXProject "TestChapter1" */;
			compatibilityVersion = "Xcode 14.0";
			developmentRegion = en;
			hasScannedForEncodings = 0;
			knownRegions = (
				en,
				Base,
			);
			mainGroup = F407E4532971D41F00ADB084;
			productRefGroup = F407E45D2971D41F00ADB084 /* Products */;
			projectDirPath = "";
			projectRoot = "";
			targets = (
				F407E45B2971D41F00ADB084 /* TestChapter1 */,
				F407E4712971D42100ADB084 /* TestChapter1Tests */,
				F407E47B2971D42100ADB084 /* TestChapter1UITests */,
			);
		};
/* End PBXProject section */

/* Begin PBXResourcesBuildPhase section */
		F407E45A2971D41F00ADB084 /* Resources */ = {
			isa = PBXResourcesBuildPhase;
			buildActionMask = 2147483647;
			files = (
				F407E46C2971D42100ADB084 /* LaunchScreen.storyboard in Resources */,
				F407E4692971D42100ADB084 /* Assets.xcassets in Resources */,
				F407E4672971D41F00ADB084 /* Main.storyboard in Resources */,
			);
			runOnlyForDeploymentPostprocessing = 0;
		};
		F407E4702971D42100ADB084 /* Resources */ = {
			isa = PBXResourcesBuildPhase;
			buildActionMask = 2147483647;
			files = (
			);
			runOnlyForDeploymentPostprocessing = 0;
		};
		F407E47A2971D42100ADB084 /* Resources */ = {
			isa = PBXResourcesBuildPhase;
			buildActionMask = 2147483647;
			files = (
			);
			runOnlyForDeploymentPostprocessing = 0;
		};
/* End PBXResourcesBuildPhase section */

/* Begin PBXSourcesBuildPhase section */
		F407E4582971D41F00ADB084 /* Sources */ = {
			isa = PBXSourcesBuildPhase;
			buildActionMask = 2147483647;
			files = (
				F407E4642971D41F00ADB084 /* ViewController.swift in Sources */,
				F407E4602971D41F00ADB084 /* AppDelegate.swift in Sources */,
				F407E4622971D41F00ADB084 /* SceneDelegate.swift in Sources */,
			);
			runOnlyForDeploymentPostprocessing = 0;
		};
		F407E46E2971D42100ADB084 /* Sources */ = {
			isa = PBXSourcesBuildPhase;
			buildActionMask = 2147483647;
			files = (
				F407E4772971D42100ADB084 /* TestChapter1Tests.swift in Sources */,
			);
			runOnlyForDeploymentPostprocessing = 0;
		};
		F407E4782971D42100ADB084 /* Sources */ = {
			isa = PBXSourcesBuildPhase;
			buildActionMask = 2147483647;
			files = (
				F407E4832971D42100ADB084 /* TestChapter1UITestsLaunchTests.swift in Sources */,
				F407E4812971D42100ADB084 /* TestChapter1UITests.swift in Sources */,
			);
			runOnlyForDeploymentPostprocessing = 0;
		};
/* End PBXSourcesBuildPhase section */

/* Begin PBXTargetDependency section */
		F407E4742971D42100ADB084 /* PBXTargetDependency */ = {
			isa = PBXTargetDependency;
			target = F407E45B2971D41F00ADB084 /* TestChapter1 */;
			targetProxy = F407E4732971D42100ADB084 /* PBXContainerItemProxy */;
		};
		F407E47E2971D42100ADB084 /* PBXTargetDependency */ = {
			isa = PBXTargetDependency;
			target = F407E45B2971D41F00ADB084 /* TestChapter1 */;
			targetProxy = F407E47D2971D42100ADB084 /* PBXContainerItemProxy */;
		};
/* End PBXTargetDependency section */

/* Begin PBXVariantGroup section */
		F407E4652971D41F00ADB084 /* Main.storyboard */ = {
			isa = PBXVariantGroup;
			children = (
				F407E4662971D41F00ADB084 /* Base */,
			);
			name = Main.storyboard;
			sourceTree = "<group>";
		};
		F407E46A2971D42100ADB084 /* LaunchScreen.storyboard */ = {
			isa = PBXVariantGroup;
			children = (
				F407E46B2971D42100ADB084 /* Base */,
			);
			name = LaunchScreen.storyboard;
			sourceTree = "<group>";
		};
/* End PBXVariantGroup section */

/* Begin XCBuildConfiguration section */
		F407E4842971D42100ADB084 /* Debug */ = {
			isa = XCBuildConfiguration;
			buildSettings = {
				ALWAYS_SEARCH_USER_PATHS = NO;
				CLANG_ANALYZER_NONNULL = YES;
				CLANG_ANALYZER_NUMBER_OBJECT_CONVERSION = YES_AGGRESSIVE;
				CLANG_CXX_LANGUAGE_STANDARD = "gnu++20";
				CLANG_ENABLE_MODULES = YES;
				CLANG_ENABLE_OBJC_ARC = YES;
				CLANG_ENABLE_OBJC_WEAK = YES;
				CLANG_WARN_BLOCK_CAPTURE_AUTORELEASING = YES;
				CLANG_WARN_BOOL_CONVERSION = YES;
				CLANG_WARN_COMMA = YES;
				CLANG_WARN_CONSTANT_CONVERSION = YES;
				CLANG_WARN_DEPRECATED_OBJC_IMPLEMENTATIONS = YES;
				CLANG_WARN_DIRECT_OBJC_ISA_USAGE = YES_ERROR;
				CLANG_WARN_DOCUMENTATION_COMMENTS = YES;
				CLANG_WARN_EMPTY_BODY = YES;
				CLANG_WARN_ENUM_CONVERSION = YES;
				CLANG_WARN_INFINITE_RECURSION = YES;
				CLANG_WARN_INT_CONVERSION = YES;
				CLANG_WARN_NON_LITERAL_NULL_CONVERSION = YES;
				CLANG_WARN_OBJC_IMPLICIT_RETAIN_SELF = YES;
				CLANG_WARN_OBJC_LITERAL_CONVERSION = YES;
				CLANG_WARN_OBJC_ROOT_CLASS = YES_ERROR;
				CLANG_WARN_QUOTED_INCLUDE_IN_FRAMEWORK_HEADER = YES;
				CLANG_WARN_RANGE_LOOP_ANALYSIS = YES;
				CLANG_WARN_STRICT_PROTOTYPES = YES;
				CLANG_WARN_SUSPICIOUS_MOVE = YES;
				CLANG_WARN_UNGUARDED_AVAILABILITY = YES_AGGRESSIVE;
				CLANG_WARN_UNREACHABLE_CODE = YES;
				CLANG_WARN__DUPLICATE_METHOD_MATCH = YES;
				COPY_PHASE_STRIP = NO;
				DEBUG_INFORMATION_FORMAT = dwarf;
				ENABLE_STRICT_OBJC_MSGSEND = YES;
				ENABLE_TESTABILITY = YES;
				GCC_C_LANGUAGE_STANDARD = gnu11;
				GCC_DYNAMIC_NO_PIC = NO;
				GCC_NO_COMMON_BLOCKS = YES;
				GCC_OPTIMIZATION_LEVEL = 0;
				GCC_PREPROCESSOR_DEFINITIONS = (
					"DEBUG=1",
					"$(inherited)",
				);
				GCC_WARN_64_TO_32_BIT_CONVERSION = YES;
				GCC_WARN_ABOUT_RETURN_TYPE = YES_ERROR;
				GCC_WARN_UNDECLARED_SELECTOR = YES;
				GCC_WARN_UNINITIALIZED_AUTOS = YES_AGGRESSIVE;
				GCC_WARN_UNUSED_FUNCTION = YES;
				GCC_WARN_UNUSED_VARIABLE = YES;
				IPHONEOS_DEPLOYMENT_TARGET = 16.2;
				MTL_ENABLE_DEBUG_INFO = INCLUDE_SOURCE;
				MTL_FAST_MATH = YES;
				ONLY_ACTIVE_ARCH = YES;
				SDKROOT = iphoneos;
				SWIFT_ACTIVE_COMPILATION_CONDITIONS = DEBUG;
				SWIFT_OPTIMIZATION_LEVEL = "-Onone";
			};
			name = Debug;
		};
		F407E4852971D42100ADB084 /* Release */ = {
			isa = XCBuildConfiguration;
			buildSettings = {
				ALWAYS_SEARCH_USER_PATHS = NO;
				CLANG_ANALYZER_NONNULL = YES;
				CLANG_ANALYZER_NUMBER_OBJECT_CONVERSION = YES_AGGRESSIVE;
				CLANG_CXX_LANGUAGE_STANDARD = "gnu++20";
				CLANG_ENABLE_MODULES = YES;
				CLANG_ENABLE_OBJC_ARC = YES;
				CLANG_ENABLE_OBJC_WEAK = YES;
				CLANG_WARN_BLOCK_CAPTURE_AUTORELEASING = YES;
				CLANG_WARN_BOOL_CONVERSION = YES;
				CLANG_WARN_COMMA = YES;
				CLANG_WARN_CONSTANT_CONVERSION = YES;
				CLANG_WARN_DEPRECATED_OBJC_IMPLEMENTATIONS = YES;
				CLANG_WARN_DIRECT_OBJC_ISA_USAGE = YES_ERROR;
				CLANG_WARN_DOCUMENTATION_COMMENTS = YES;
				CLANG_WARN_EMPTY_BODY = YES;
				CLANG_WARN_ENUM_CONVERSION = YES;
				CLANG_WARN_INFINITE_RECURSION = YES;
				CLANG_WARN_INT_CONVERSION = YES;
				CLANG_WARN_NON_LITERAL_NULL_CONVERSION = YES;
				CLANG_WARN_OBJC_IMPLICIT_RETAIN_SELF = YES;
				CLANG_WARN_OBJC_LITERAL_CONVERSION = YES;
				CLANG_WARN_OBJC_ROOT_CLASS = YES_ERROR;
				CLANG_WARN_QUOTED_INCLUDE_IN_FRAMEWORK_HEADER = YES;
				CLANG_WARN_RANGE_LOOP_ANALYSIS = YES;
				CLANG_WARN_STRICT_PROTOTYPES = YES;
				CLANG_WARN_SUSPICIOUS_MOVE = YES;
				CLANG_WARN_UNGUARDED_AVAILABILITY = YES_AGGRESSIVE;
				CLANG_WARN_UNREACHABLE_CODE = YES;
				CLANG_WARN__DUPLICATE_METHOD_MATCH = YES;
				COPY_PHASE_STRIP = NO;
				DEBUG_INFORMATION_FORMAT = "dwarf-with-dsym";
				ENABLE_NS_ASSERTIONS = NO;
				ENABLE_STRICT_OBJC_MSGSEND = YES;
				GCC_C_LANGUAGE_STANDARD = gnu11;
				GCC_NO_COMMON_BLOCKS = YES;
				GCC_WARN_64_TO_32_BIT_CONVERSION = YES;
				GCC_WARN_ABOUT_RETURN_TYPE = YES_ERROR;
				GCC_WARN_UNDECLARED_SELECTOR = YES;
				GCC_WARN_UNINITIALIZED_AUTOS = YES_AGGRESSIVE;
				GCC_WARN_UNUSED_FUNCTION = YES;
				GCC_WARN_UNUSED_VARIABLE = YES;
				IPHONEOS_DEPLOYMENT_TARGET = 16.2;
				MTL_ENABLE_DEBUG_INFO = NO;
				MTL_FAST_MATH = YES;
				SDKROOT = iphoneos;
				SWIFT_COMPILATION_MODE = wholemodule;
				SWIFT_OPTIMIZATION_LEVEL = "-O";
				VALIDATE_PRODUCT = YES;
			};
			name = Release;
		};
		F407E4872971D42100ADB084 /* Debug */ = {
			isa = XCBuildConfiguration;
			buildSettings = {
				ASSETCATALOG_COMPILER_APPICON_NAME = AppIcon;
				ASSETCATALOG_COMPILER_GLOBAL_ACCENT_COLOR_NAME = AccentColor;
				CODE_SIGN_STYLE = Automatic;
				CURRENT_PROJECT_VERSION = 1;
				DEVELOPMENT_TEAM = 63AJC847ZW;
				GENERATE_INFOPLIST_FILE = YES;
				INFOPLIST_FILE = TestChapter1/Info.plist;
				INFOPLIST_KEY_UIApplicationSupportsIndirectInputEvents = YES;
				INFOPLIST_KEY_UILaunchStoryboardName = LaunchScreen;
				INFOPLIST_KEY_UIMainStoryboardFile = Main;
				INFOPLIST_KEY_UISupportedInterfaceOrientations_iPad = "UIInterfaceOrientationPortrait UIInterfaceOrientationPortraitUpsideDown UIInterfaceOrientationLandscapeLeft UIInterfaceOrientationLandscapeRight";
				INFOPLIST_KEY_UISupportedInterfaceOrientations_iPhone = "UIInterfaceOrientationPortrait UIInterfaceOrientationLandscapeLeft UIInterfaceOrientationLandscapeRight";
				LD_RUNPATH_SEARCH_PATHS = (
					"$(inherited)",
					"@executable_path/Frameworks",
				);
				MARKETING_VERSION = 1.0;
				PRODUCT_BUNDLE_IDENTIFIER = com.misaellandero.TestChapter1;
				PRODUCT_NAME = "$(TARGET_NAME)";
				SWIFT_EMIT_LOC_STRINGS = YES;
				SWIFT_VERSION = 5.0;
				TARGETED_DEVICE_FAMILY = "1,2";
			};
			name = Debug;
		};
		F407E4882971D42100ADB084 /* Release */ = {
			isa = XCBuildConfiguration;
			buildSettings = {
				ASSETCATALOG_COMPILER_APPICON_NAME = AppIcon;
				ASSETCATALOG_COMPILER_GLOBAL_ACCENT_COLOR_NAME = AccentColor;
				CODE_SIGN_STYLE = Automatic;
				CURRENT_PROJECT_VERSION = 1;
				DEVELOPMENT_TEAM = 63AJC847ZW;
				GENERATE_INFOPLIST_FILE = YES;
				INFOPLIST_FILE = TestChapter1/Info.plist;
				INFOPLIST_KEY_UIApplicationSupportsIndirectInputEvents = YES;
				INFOPLIST_KEY_UILaunchStoryboardName = LaunchScreen;
				INFOPLIST_KEY_UIMainStoryboardFile = Main;
				INFOPLIST_KEY_UISupportedInterfaceOrientations_iPad = "UIInterfaceOrientationPortrait UIInterfaceOrientationPortraitUpsideDown UIInterfaceOrientationLandscapeLeft UIInterfaceOrientationLandscapeRight";
				INFOPLIST_KEY_UISupportedInterfaceOrientations_iPhone = "UIInterfaceOrientationPortrait UIInterfaceOrientationLandscapeLeft UIInterfaceOrientationLandscapeRight";
				LD_RUNPATH_SEARCH_PATHS = (
					"$(inherited)",
					"@executable_path/Frameworks",
				);
				MARKETING_VERSION = 1.0;
				PRODUCT_BUNDLE_IDENTIFIER = com.misaellandero.TestChapter1;
				PRODUCT_NAME = "$(TARGET_NAME)";
				SWIFT_EMIT_LOC_STRINGS = YES;
				SWIFT_VERSION = 5.0;
				TARGETED_DEVICE_FAMILY = "1,2";
			};
			name = Release;
		};
		F407E48A2971D42100ADB084 /* Debug */ = {
			isa = XCBuildConfiguration;
			buildSettings = {
				ALWAYS_EMBED_SWIFT_STANDARD_LIBRARIES = YES;
				BUNDLE_LOADER = "$(TEST_HOST)";
				CODE_SIGN_STYLE = Automatic;
				CURRENT_PROJECT_VERSION = 1;
				DEVELOPMENT_TEAM = 63AJC847ZW;
				GENERATE_INFOPLIST_FILE = YES;
				IPHONEOS_DEPLOYMENT_TARGET = 16.2;
				MARKETING_VERSION = 1.0;
				PRODUCT_BUNDLE_IDENTIFIER = com.misaellandero.TestChapter1Tests;
				PRODUCT_NAME = "$(TARGET_NAME)";
				SWIFT_EMIT_LOC_STRINGS = NO;
				SWIFT_VERSION = 5.0;
				TARGETED_DEVICE_FAMILY = "1,2";
				TEST_HOST = "$(BUILT_PRODUCTS_DIR)/TestChapter1.app/$(BUNDLE_EXECUTABLE_FOLDER_PATH)/TestChapter1";
			};
			name = Debug;
		};
		F407E48B2971D42100ADB084 /* Release */ = {
			isa = XCBuildConfiguration;
			buildSettings = {
				ALWAYS_EMBED_SWIFT_STANDARD_LIBRARIES = YES;
				BUNDLE_LOADER = "$(TEST_HOST)";
				CODE_SIGN_STYLE = Automatic;
				CURRENT_PROJECT_VERSION = 1;
				DEVELOPMENT_TEAM = 63AJC847ZW;
				GENERATE_INFOPLIST_FILE = YES;
				IPHONEOS_DEPLOYMENT_TARGET = 16.2;
				MARKETING_VERSION = 1.0;
				PRODUCT_BUNDLE_IDENTIFIER = com.misaellandero.TestChapter1Tests;
				PRODUCT_NAME = "$(TARGET_NAME)";
				SWIFT_EMIT_LOC_STRINGS = NO;
				SWIFT_VERSION = 5.0;
				TARGETED_DEVICE_FAMILY = "1,2";
				TEST_HOST = "$(BUILT_PRODUCTS_DIR)/TestChapter1.app/$(BUNDLE_EXECUTABLE_FOLDER_PATH)/TestChapter1";
			};
			name = Release;
		};
		F407E48D2971D42100ADB084 /* Debug */ = {
			isa = XCBuildConfiguration;
			buildSettings = {
				ALWAYS_EMBED_SWIFT_STANDARD_LIBRARIES = YES;
				CODE_SIGN_STYLE = Automatic;
				CURRENT_PROJECT_VERSION = 1;
				DEVELOPMENT_TEAM = 63AJC847ZW;
				GENERATE_INFOPLIST_FILE = YES;
				MARKETING_VERSION = 1.0;
				PRODUCT_BUNDLE_IDENTIFIER = com.misaellandero.TestChapter1UITests;
				PRODUCT_NAME = "$(TARGET_NAME)";
				SWIFT_EMIT_LOC_STRINGS = NO;
				SWIFT_VERSION = 5.0;
				TARGETED_DEVICE_FAMILY = "1,2";
				TEST_TARGET_NAME = TestChapter1;
			};
			name = Debug;
		};
		F407E48E2971D42100ADB084 /* Release */ = {
			isa = XCBuildConfiguration;
			buildSettings = {
				ALWAYS_EMBED_SWIFT_STANDARD_LIBRARIES = YES;
				CODE_SIGN_STYLE = Automatic;
				CURRENT_PROJECT_VERSION = 1;
				DEVELOPMENT_TEAM = 63AJC847ZW;
				GENERATE_INFOPLIST_FILE = YES;
				MARKETING_VERSION = 1.0;
				PRODUCT_BUNDLE_IDENTIFIER = com.misaellandero.TestChapter1UITests;
				PRODUCT_NAME = "$(TARGET_NAME)";
				SWIFT_EMIT_LOC_STRINGS = NO;
				SWIFT_VERSION = 5.0;
				TARGETED_DEVICE_FAMILY = "1,2";
				TEST_TARGET_NAME = TestChapter1;
			};
			name = Release;
		};
/* End XCBuildConfiguration section */

/* Begin XCConfigurationList section */
		F407E4572971D41F00ADB084 /* Build configuration list for PBXProject "TestChapter1" */ = {
			isa = XCConfigurationList;
			buildConfigurations = (
				F407E4842971D42100ADB084 /* Debug */,
				F407E4852971D42100ADB084 /* Release */,
			);
			defaultConfigurationIsVisible = 0;
			defaultConfigurationName = Release;
		};
		F407E4862971D42100ADB084 /* Build configuration list for PBXNativeTarget "TestChapter1" */ = {
			isa = XCConfigurationList;
			buildConfigurations = (
				F407E4872971D42100ADB084 /* Debug */,
				F407E4882971D42100ADB084 /* Release */,
			);
			defaultConfigurationIsVisible = 0;
			defaultConfigurationName = Release;
		};
		F407E4892971D42100ADB084 /* Build configuration list for PBXNativeTarget "TestChapter1Tests" */ = {
			isa = XCConfigurationList;
			buildConfigurations = (
				F407E48A2971D42100ADB084 /* Debug */,
				F407E48B2971D42100ADB084 /* Release */,
			);
			defaultConfigurationIsVisible = 0;
			defaultConfigurationName = Release;
		};
		F407E48C2971D42100ADB084 /* Build configuration list for PBXNativeTarget "TestChapter1UITests" */ = {
			isa = XCConfigurationList;
			buildConfigurations = (
				F407E48D2971D42100ADB084 /* Debug */,
				F407E48E2971D42100ADB084 /* Release */,
			);
			defaultConfigurationIsVisible = 0;
			defaultConfigurationName = Release;
		};
/* End XCConfigurationList section */
	};
	rootObject = F407E4542971D41F00ADB084 /* Project object */;
}
